
Microsoft Visual Studio Solution File, Format Version 12.00
# Visual Studio Version 16
VisualStudioVersion = 16.0.31515.178
MinimumVisualStudioVersion = 10.0.40219.1
Project("{FAE04EC0-301F-11D3-BF4B-00C04F79EFBC}") = "WorkoutTracker", "WorkoutTracker\WorkoutTracker.csproj", "{999F357F-9EA2-417C-A10D-9BBCF33174A7}"
EndProject
Global
	GlobalSection(SolutionConfigurationPlatforms) = preSolution
		Debug|Any CPU = Debug|Any CPU
		Release|Any CPU = Release|Any CPU
	EndGlobalSection
	GlobalSection(ProjectConfigurationPlatforms) = postSolution
		{999F357F-9EA2-417C-A10D-9BBCF33174A7}.Debug|Any CPU.ActiveCfg = Debug|Any CPU
		{999F357F-9EA2-417C-A10D-9BBCF33174A7}.Debug|Any CPU.Build.0 = Debug|Any CPU
		{999F357F-9EA2-417C-A10D-9BBCF33174A7}.Release|Any CPU.ActiveCfg = Release|Any CPU
		{999F357F-9EA2-417C-A10D-9BBCF33174A7}.Release|Any CPU.Build.0 = Release|Any CPU
	EndGlobalSection
	GlobalSection(SolutionProperties) = preSolution
		HideSolutionNode = FALSE
	EndGlobalSection
	GlobalSection(ExtensibilityGlobals) = postSolution
		SolutionGuid = {AC4104DA-488A-4B23-97E8-3C14CF5A2247}
	EndGlobalSection
EndGlobal
